
Microsoft Visual Studio Solution File, Format Version 12.00
# Visual Studio Version 16
VisualStudioVersion = 16.0.29306.81
MinimumVisualStudioVersion = 10.0.40219.1
Project("{FAE04EC0-301F-11D3-BF4B-00C04F79EFBC}") = "AutoToggl", "AutoToggl\AutoToggl.csproj", "{C6076498-9BD3-4EC0-AF89-34100F66AF9F}"
EndProject
Project("{FAE04EC0-301F-11D3-BF4B-00C04F79EFBC}") = "TogglConnect", "..\TogglConnect\TogglConnect\TogglConnect.csproj", "{70064453-40DA-479A-94B4-025FAF835D27}"
EndProject
Project("{FAE04EC0-301F-11D3-BF4B-00C04F79EFBC}") = "DesktopProjectDataHandler", "DesktopProjectDataHandler\DesktopProjectDataHandler.csproj", "{E488DEC9-BF37-4D60-8910-4A0D6FCA37D5}"
EndProject
Global
	GlobalSection(SolutionConfigurationPlatforms) = preSolution
		Debug|Any CPU = Debug|Any CPU
		Dev|Any CPU = Dev|Any CPU
		Dev2|Any CPU = Dev2|Any CPU
		Release|Any CPU = Release|Any CPU
	EndGlobalSection
	GlobalSection(ProjectConfigurationPlatforms) = postSolution
		{C6076498-9BD3-4EC0-AF89-34100F66AF9F}.Debug|Any CPU.ActiveCfg = Debug|Any CPU
		{C6076498-9BD3-4EC0-AF89-34100F66AF9F}.Debug|Any CPU.Build.0 = Debug|Any CPU
		{C6076498-9BD3-4EC0-AF89-34100F66AF9F}.Dev|Any CPU.ActiveCfg = Debug|Any CPU
		{C6076498-9BD3-4EC0-AF89-34100F66AF9F}.Dev|Any CPU.Build.0 = Debug|Any CPU
		{C6076498-9BD3-4EC0-AF89-34100F66AF9F}.Dev2|Any CPU.ActiveCfg = Debug|Any CPU
		{C6076498-9BD3-4EC0-AF89-34100F66AF9F}.Dev2|Any CPU.Build.0 = Debug|Any CPU
		{C6076498-9BD3-4EC0-AF89-34100F66AF9F}.Release|Any CPU.ActiveCfg = Release|Any CPU
		{C6076498-9BD3-4EC0-AF89-34100F66AF9F}.Release|Any CPU.Build.0 = Release|Any CPU
		{70064453-40DA-479A-94B4-025FAF835D27}.Debug|Any CPU.ActiveCfg = Debug|Any CPU
		{70064453-40DA-479A-94B4-025FAF835D27}.Debug|Any CPU.Build.0 = Debug|Any CPU
		{70064453-40DA-479A-94B4-025FAF835D27}.Dev|Any CPU.ActiveCfg = Debug|Any CPU
		{70064453-40DA-479A-94B4-025FAF835D27}.Dev|Any CPU.Build.0 = Debug|Any CPU
		{70064453-40DA-479A-94B4-025FAF835D27}.Dev2|Any CPU.ActiveCfg = Debug|Any CPU
		{70064453-40DA-479A-94B4-025FAF835D27}.Dev2|Any CPU.Build.0 = Debug|Any CPU
		{70064453-40DA-479A-94B4-025FAF835D27}.Release|Any CPU.ActiveCfg = Release|Any CPU
		{70064453-40DA-479A-94B4-025FAF835D27}.Release|Any CPU.Build.0 = Release|Any CPU
		{E488DEC9-BF37-4D60-8910-4A0D6FCA37D5}.Debug|Any CPU.ActiveCfg = Debug|Any CPU
		{E488DEC9-BF37-4D60-8910-4A0D6FCA37D5}.Debug|Any CPU.Build.0 = Debug|Any CPU
		{E488DEC9-BF37-4D60-8910-4A0D6FCA37D5}.Dev|Any CPU.ActiveCfg = Debug|Any CPU
		{E488DEC9-BF37-4D60-8910-4A0D6FCA37D5}.Dev|Any CPU.Build.0 = Debug|Any CPU
		{E488DEC9-BF37-4D60-8910-4A0D6FCA37D5}.Dev2|Any CPU.ActiveCfg = Debug|Any CPU
		{E488DEC9-BF37-4D60-8910-4A0D6FCA37D5}.Dev2|Any CPU.Build.0 = Debug|Any CPU
		{E488DEC9-BF37-4D60-8910-4A0D6FCA37D5}.Release|Any CPU.ActiveCfg = Release|Any CPU
		{E488DEC9-BF37-4D60-8910-4A0D6FCA37D5}.Release|Any CPU.Build.0 = Release|Any CPU
	EndGlobalSection
	GlobalSection(SolutionProperties) = preSolution
		HideSolutionNode = FALSE
	EndGlobalSection
	GlobalSection(ExtensibilityGlobals) = postSolution
		SolutionGuid = {88C3E340-5823-4F15-85FA-D1FF1EC71389}
	EndGlobalSection
EndGlobal
